
Microsoft Visual Studio Solution File, Format Version 12.00
# Visual Studio Version 16
VisualStudioVersion = 16.0.29215.179
MinimumVisualStudioVersion = 10.0.40219.1
Project("{FAE04EC0-301F-11D3-BF4B-00C04F79EFBC}") = "WebsAPIDay3", "WebsAPIDay3\WebsAPIDay3.csproj", "{9DD9DE15-ADF5-449B-BBB2-54CACCA00608}"
EndProject
Global
	GlobalSection(SolutionConfigurationPlatforms) = preSolution
		Debug|Any CPU = Debug|Any CPU
		Release|Any CPU = Release|Any CPU
	EndGlobalSection
	GlobalSection(ProjectConfigurationPlatforms) = postSolution
		{9DD9DE15-ADF5-449B-BBB2-54CACCA00608}.Debug|Any CPU.ActiveCfg = Debug|Any CPU
		{9DD9DE15-ADF5-449B-BBB2-54CACCA00608}.Debug|Any CPU.Build.0 = Debug|Any CPU
		{9DD9DE15-ADF5-449B-BBB2-54CACCA00608}.Release|Any CPU.ActiveCfg = Release|Any CPU
		{9DD9DE15-ADF5-449B-BBB2-54CACCA00608}.Release|Any CPU.Build.0 = Release|Any CPU
	EndGlobalSection
	GlobalSection(SolutionProperties) = preSolution
		HideSolutionNode = FALSE
	EndGlobalSection
	GlobalSection(ExtensibilityGlobals) = postSolution
		SolutionGuid = {7FED60C5-231C-4A7B-9328-6B96F5D44ECE}
	EndGlobalSection
EndGlobal
